// !$*UTF8*$!
{
	archiveVersion = 1;
	classes = {
	};
	objectVersion = 46;
	objects = {

/* Begin PBXBuildFile section */
		4742EB181988123800F678BE /* Foundation.framework in Frameworks */ = {isa = PBXBuildFile; fileRef = 4742EB171988123800F678BE /* Foundation.framework */; };
		4742EB1A1988123800F678BE /* CoreGraphics.framework in Frameworks */ = {isa = PBXBuildFile; fileRef = 4742EB191988123800F678BE /* CoreGraphics.framework */; };
		4742EB1C1988123800F678BE /* UIKit.framework in Frameworks */ = {isa = PBXBuildFile; fileRef = 4742EB1B1988123800F678BE /* UIKit.framework */; };
		4742EB221988123800F678BE /* InfoPlist.strings in Resources */ = {isa = PBXBuildFile; fileRef = 4742EB201988123800F678BE /* InfoPlist.strings */; };
		4742EB241988123800F678BE /* main.m in Sources */ = {isa = PBXBuildFile; fileRef = 4742EB231988123800F678BE /* main.m */; };
		4742EB281988123800F678BE /* AppDelegate.m in Sources */ = {isa = PBXBuildFile; fileRef = 4742EB271988123800F678BE /* AppDelegate.m */; };
		4742EB2B1988123800F678BE /* Main_iPhone.storyboard in Resources */ = {isa = PBXBuildFile; fileRef = 4742EB291988123800F678BE /* Main_iPhone.storyboard */; };
		4742EB2E1988123800F678BE /* Main_iPad.storyboard in Resources */ = {isa = PBXBuildFile; fileRef = 4742EB2C1988123800F678BE /* Main_iPad.storyboard */; };
		4742EB311988123800F678BE /* MasterViewController.m in Sources */ = {isa = PBXBuildFile; fileRef = 4742EB301988123800F678BE /* MasterViewController.m */; };
		4742EB341988123800F678BE /* DetailViewController.m in Sources */ = {isa = PBXBuildFile; fileRef = 4742EB331988123800F678BE /* DetailViewController.m */; };
		4742EB361988123800F678BE /* Images.xcassets in Resources */ = {isa = PBXBuildFile; fileRef = 4742EB351988123800F678BE /* Images.xcassets */; };
		4742EB3D1988123800F678BE /* XCTest.framework in Frameworks */ = {isa = PBXBuildFile; fileRef = 4742EB3C1988123800F678BE /* XCTest.framework */; };
		4742EB3E1988123800F678BE /* Foundation.framework in Frameworks */ = {isa = PBXBuildFile; fileRef = 4742EB171988123800F678BE /* Foundation.framework */; };
		4742EB3F1988123800F678BE /* UIKit.framework in Frameworks */ = {isa = PBXBuildFile; fileRef = 4742EB1B1988123800F678BE /* UIKit.framework */; };
		4742EB471988123800F678BE /* InfoPlist.strings in Resources */ = {isa = PBXBuildFile; fileRef = 4742EB451988123800F678BE /* InfoPlist.strings */; };
		4742EB491988123800F678BE /* MapLocatorTests.m in Sources */ = {isa = PBXBuildFile; fileRef = 4742EB481988123800F678BE /* MapLocatorTests.m */; };
/* End PBXBuildFile section */

/* Begin PBXContainerItemProxy section */
		4742EB401988123800F678BE /* PBXContainerItemProxy */ = {
			isa = PBXContainerItemProxy;
			containerPortal = 4742EB0C1988123800F678BE /* Project object */;
			proxyType = 1;
			remoteGlobalIDString = 4742EB131988123800F678BE;
			remoteInfo = MapLocator;
		};
/* End PBXContainerItemProxy section */

/* Begin PBXFileReference section */
		4742EB141988123800F678BE /* MapLocator.app */ = {isa = PBXFileReference; explicitFileType = wrapper.application; includeInIndex = 0; path = MapLocator.app; sourceTree = BUILT_PRODUCTS_DIR; };
		4742EB171988123800F678BE /* Foundation.framework */ = {isa = PBXFileReference; lastKnownFileType = wrapper.framework; name = Foundation.framework; path = System/Library/Frameworks/Foundation.framework; sourceTree = SDKROOT; };
		4742EB191988123800F678BE /* CoreGraphics.framework */ = {isa = PBXFileReference; lastKnownFileType = wrapper.framework; name = CoreGraphics.framework; path = System/Library/Frameworks/CoreGraphics.framework; sourceTree = SDKROOT; };
		4742EB1B1988123800F678BE /* UIKit.framework */ = {isa = PBXFileReference; lastKnownFileType = wrapper.framework; name = UIKit.framework; path = System/Library/Frameworks/UIKit.framework; sourceTree = SDKROOT; };
		4742EB1F1988123800F678BE /* MapLocator-Info.plist */ = {isa = PBXFileReference; lastKnownFileType = text.plist.xml; path = "MapLocator-Info.plist"; sourceTree = "<group>"; };
		4742EB211988123800F678BE /* en */ = {isa = PBXFileReference; lastKnownFileType = text.plist.strings; name = en; path = en.lproj/InfoPlist.strings; sourceTree = "<group>"; };
		4742EB231988123800F678BE /* main.m */ = {isa = PBXFileReference; lastKnownFileType = sourcecode.c.objc; path = main.m; sourceTree = "<group>"; };
		4742EB251988123800F678BE /* MapLocator-Prefix.pch */ = {isa = PBXFileReference; lastKnownFileType = sourcecode.c.h; path = "MapLocator-Prefix.pch"; sourceTree = "<group>"; };
		4742EB261988123800F678BE /* AppDelegate.h */ = {isa = PBXFileReference; lastKnownFileType = sourcecode.c.h; path = AppDelegate.h; sourceTree = "<group>"; };
		4742EB271988123800F678BE /* AppDelegate.m */ = {isa = PBXFileReference; lastKnownFileType = sourcecode.c.objc; path = AppDelegate.m; sourceTree = "<group>"; };
		4742EB2A1988123800F678BE /* Base */ = {isa = PBXFileReference; lastKnownFileType = file.storyboard; name = Base; path = Base.lproj/Main_iPhone.storyboard; sourceTree = "<group>"; };
		4742EB2D1988123800F678BE /* Base */ = {isa = PBXFileReference; lastKnownFileType = file.storyboard; name = Base; path = Base.lproj/Main_iPad.storyboard; sourceTree = "<group>"; };
		4742EB2F1988123800F678BE /* MasterViewController.h */ = {isa = PBXFileReference; lastKnownFileType = sourcecode.c.h; path = MasterViewController.h; sourceTree = "<group>"; };
		4742EB301988123800F678BE /* MasterViewController.m */ = {isa = PBXFileReference; lastKnownFileType = sourcecode.c.objc; path = MasterViewController.m; sourceTree = "<group>"; };
		4742EB321988123800F678BE /* DetailViewController.h */ = {isa = PBXFileReference; lastKnownFileType = sourcecode.c.h; path = DetailViewController.h; sourceTree = "<group>"; };
		4742EB331988123800F678BE /* DetailViewController.m */ = {isa = PBXFileReference; lastKnownFileType = sourcecode.c.objc; path = DetailViewController.m; sourceTree = "<group>"; };
		4742EB351988123800F678BE /* Images.xcassets */ = {isa = PBXFileReference; lastKnownFileType = folder.assetcatalog; path = Images.xcassets; sourceTree = "<group>"; };
		4742EB3B1988123800F678BE /* MapLocatorTests.xctest */ = {isa = PBXFileReference; explicitFileType = wrapper.cfbundle; includeInIndex = 0; path = MapLocatorTests.xctest; sourceTree = BUILT_PRODUCTS_DIR; };
		4742EB3C1988123800F678BE /* XCTest.framework */ = {isa = PBXFileReference; lastKnownFileType = wrapper.framework; name = XCTest.framework; path = Library/Frameworks/XCTest.framework; sourceTree = DEVELOPER_DIR; };
		4742EB441988123800F678BE /* MapLocatorTests-Info.plist */ = {isa = PBXFileReference; lastKnownFileType = text.plist.xml; path = "MapLocatorTests-Info.plist"; sourceTree = "<group>"; };
		4742EB461988123800F678BE /* en */ = {isa = PBXFileReference; lastKnownFileType = text.plist.strings; name = en; path = en.lproj/InfoPlist.strings; sourceTree = "<group>"; };
		4742EB481988123800F678BE /* MapLocatorTests.m */ = {isa = PBXFileReference; lastKnownFileType = sourcecode.c.objc; path = MapLocatorTests.m; sourceTree = "<group>"; };
/* End PBXFileReference section */

/* Begin PBXFrameworksBuildPhase section */
		4742EB111988123800F678BE /* Frameworks */ = {
			isa = PBXFrameworksBuildPhase;
			buildActionMask = 2147483647;
			files = (
				4742EB1A1988123800F678BE /* CoreGraphics.framework in Frameworks */,
				4742EB1C1988123800F678BE /* UIKit.framework in Frameworks */,
				4742EB181988123800F678BE /* Foundation.framework in Frameworks */,
			);
			runOnlyForDeploymentPostprocessing = 0;
		};
		4742EB381988123800F678BE /* Frameworks */ = {
			isa = PBXFrameworksBuildPhase;
			buildActionMask = 2147483647;
			files = (
				4742EB3D1988123800F678BE /* XCTest.framework in Frameworks */,
				4742EB3F1988123800F678BE /* UIKit.framework in Frameworks */,
				4742EB3E1988123800F678BE /* Foundation.framework in Frameworks */,
			);
			runOnlyForDeploymentPostprocessing = 0;
		};
/* End PBXFrameworksBuildPhase section */

/* Begin PBXGroup section */
		4742EB0B1988123800F678BE = {
			isa = PBXGroup;
			children = (
				4742EB1D1988123800F678BE /* MapLocator */,
				4742EB421988123800F678BE /* MapLocatorTests */,
				4742EB161988123800F678BE /* Frameworks */,
				4742EB151988123800F678BE /* Products */,
			);
			sourceTree = "<group>";
		};
		4742EB151988123800F678BE /* Products */ = {
			isa = PBXGroup;
			children = (
				4742EB141988123800F678BE /* MapLocator.app */,
				4742EB3B1988123800F678BE /* MapLocatorTests.xctest */,
			);
			name = Products;
			sourceTree = "<group>";
		};
		4742EB161988123800F678BE /* Frameworks */ = {
			isa = PBXGroup;
			children = (
				4742EB171988123800F678BE /* Foundation.framework */,
				4742EB191988123800F678BE /* CoreGraphics.framework */,
				4742EB1B1988123800F678BE /* UIKit.framework */,
				4742EB3C1988123800F678BE /* XCTest.framework */,
			);
			name = Frameworks;
			sourceTree = "<group>";
		};
		4742EB1D1988123800F678BE /* MapLocator */ = {
			isa = PBXGroup;
			children = (
				4742EB261988123800F678BE /* AppDelegate.h */,
				4742EB271988123800F678BE /* AppDelegate.m */,
				4742EB291988123800F678BE /* Main_iPhone.storyboard */,
				4742EB2C1988123800F678BE /* Main_iPad.storyboard */,
				4742EB2F1988123800F678BE /* MasterViewController.h */,
				4742EB301988123800F678BE /* MasterViewController.m */,
				4742EB321988123800F678BE /* DetailViewController.h */,
				4742EB331988123800F678BE /* DetailViewController.m */,
				4742EB351988123800F678BE /* Images.xcassets */,
				4742EB1E1988123800F678BE /* Supporting Files */,
			);
			path = MapLocator;
			sourceTree = "<group>";
		};
		4742EB1E1988123800F678BE /* Supporting Files */ = {
			isa = PBXGroup;
			children = (
				4742EB1F1988123800F678BE /* MapLocator-Info.plist */,
				4742EB201988123800F678BE /* InfoPlist.strings */,
				4742EB231988123800F678BE /* main.m */,
				4742EB251988123800F678BE /* MapLocator-Prefix.pch */,
			);
			name = "Supporting Files";
			sourceTree = "<group>";
		};
		4742EB421988123800F678BE /* MapLocatorTests */ = {
			isa = PBXGroup;
			children = (
				4742EB481988123800F678BE /* MapLocatorTests.m */,
				4742EB431988123800F678BE /* Supporting Files */,
			);
			path = MapLocatorTests;
			sourceTree = "<group>";
		};
		4742EB431988123800F678BE /* Supporting Files */ = {
			isa = PBXGroup;
			children = (
				4742EB441988123800F678BE /* MapLocatorTests-Info.plist */,
				4742EB451988123800F678BE /* InfoPlist.strings */,
			);
			name = "Supporting Files";
			sourceTree = "<group>";
		};
/* End PBXGroup section */

/* Begin PBXNativeTarget section */
		4742EB131988123800F678BE /* MapLocator */ = {
			isa = PBXNativeTarget;
			buildConfigurationList = 4742EB4C1988123800F678BE /* Build configuration list for PBXNativeTarget "MapLocator" */;
			buildPhases = (
				4742EB101988123800F678BE /* Sources */,
				4742EB111988123800F678BE /* Frameworks */,
				4742EB121988123800F678BE /* Resources */,
			);
			buildRules = (
			);
			dependencies = (
			);
			name = MapLocator;
			productName = MapLocator;
			productReference = 4742EB141988123800F678BE /* MapLocator.app */;
			productType = "com.apple.product-type.application";
		};
		4742EB3A1988123800F678BE /* MapLocatorTests */ = {
			isa = PBXNativeTarget;
			buildConfigurationList = 4742EB4F1988123800F678BE /* Build configuration list for PBXNativeTarget "MapLocatorTests" */;
			buildPhases = (
				4742EB371988123800F678BE /* Sources */,
				4742EB381988123800F678BE /* Frameworks */,
				4742EB391988123800F678BE /* Resources */,
			);
			buildRules = (
			);
			dependencies = (
				4742EB411988123800F678BE /* PBXTargetDependency */,
			);
			name = MapLocatorTests;
			productName = MapLocatorTests;
			productReference = 4742EB3B1988123800F678BE /* MapLocatorTests.xctest */;
			productType = "com.apple.product-type.bundle.unit-test";
		};
/* End PBXNativeTarget section */

/* Begin PBXProject section */
		4742EB0C1988123800F678BE /* Project object */ = {
			isa = PBXProject;
			attributes = {
				LastUpgradeCheck = 0510;
				ORGANIZATIONNAME = lojsk;
				TargetAttributes = {
					4742EB3A1988123800F678BE = {
						TestTargetID = 4742EB131988123800F678BE;
					};
				};
			};
			buildConfigurationList = 4742EB0F1988123800F678BE /* Build configuration list for PBXProject "MapLocator" */;
			compatibilityVersion = "Xcode 3.2";
			developmentRegion = English;
			hasScannedForEncodings = 0;
			knownRegions = (
				en,
				Base,
			);
			mainGroup = 4742EB0B1988123800F678BE;
			productRefGroup = 4742EB151988123800F678BE /* Products */;
			projectDirPath = "";
			projectRoot = "";
			targets = (
				4742EB131988123800F678BE /* MapLocator */,
				4742EB3A1988123800F678BE /* MapLocatorTests */,
			);
		};
/* End PBXProject section */

/* Begin PBXResourcesBuildPhase section */
		4742EB121988123800F678BE /* Resources */ = {
			isa = PBXResourcesBuildPhase;
			buildActionMask = 2147483647;
			files = (
				4742EB2E1988123800F678BE /* Main_iPad.storyboard in Resources */,
				4742EB361988123800F678BE /* Images.xcassets in Resources */,
				4742EB2B1988123800F678BE /* Main_iPhone.storyboard in Resources */,
				4742EB221988123800F678BE /* InfoPlist.strings in Resources */,
			);
			runOnlyForDeploymentPostprocessing = 0;
		};
		4742EB391988123800F678BE /* Resources */ = {
			isa = PBXResourcesBuildPhase;
			buildActionMask = 2147483647;
			files = (
				4742EB471988123800F678BE /* InfoPlist.strings in Resources */,
			);
			runOnlyForDeploymentPostprocessing = 0;
		};
/* End PBXResourcesBuildPhase section */

/* Begin PBXSourcesBuildPhase section */
		4742EB101988123800F678BE /* Sources */ = {
			isa = PBXSourcesBuildPhase;
			buildActionMask = 2147483647;
			files = (
				4742EB281988123800F678BE /* AppDelegate.m in Sources */,
				4742EB311988123800F678BE /* MasterViewController.m in Sources */,
				4742EB241988123800F678BE /* main.m in Sources */,
				4742EB341988123800F678BE /* DetailViewController.m in Sources */,
			);
			runOnlyForDeploymentPostprocessing = 0;
		};
		4742EB371988123800F678BE /* Sources */ = {
			isa = PBXSourcesBuildPhase;
			buildActionMask = 2147483647;
			files = (
				4742EB491988123800F678BE /* MapLocatorTests.m in Sources */,
			);
			runOnlyForDeploymentPostprocessing = 0;
		};
/* End PBXSourcesBuildPhase section */

/* Begin PBXTargetDependency section */
		4742EB411988123800F678BE /* PBXTargetDependency */ = {
			isa = PBXTargetDependency;
			target = 4742EB131988123800F678BE /* MapLocator */;
			targetProxy = 4742EB401988123800F678BE /* PBXContainerItemProxy */;
		};
/* End PBXTargetDependency section */

/* Begin PBXVariantGroup section */
		4742EB201988123800F678BE /* InfoPlist.strings */ = {
			isa = PBXVariantGroup;
			children = (
				4742EB211988123800F678BE /* en */,
			);
			name = InfoPlist.strings;
			sourceTree = "<group>";
		};
		4742EB291988123800F678BE /* Main_iPhone.storyboard */ = {
			isa = PBXVariantGroup;
			children = (
				4742EB2A1988123800F678BE /* Base */,
			);
			name = Main_iPhone.storyboard;
			sourceTree = "<group>";
		};
		4742EB2C1988123800F678BE /* Main_iPad.storyboard */ = {
			isa = PBXVariantGroup;
			children = (
				4742EB2D1988123800F678BE /* Base */,
			);
			name = Main_iPad.storyboard;
			sourceTree = "<group>";
		};
		4742EB451988123800F678BE /* InfoPlist.strings */ = {
			isa = PBXVariantGroup;
			children = (
				4742EB461988123800F678BE /* en */,
			);
			name = InfoPlist.strings;
			sourceTree = "<group>";
		};
/* End PBXVariantGroup section */

/* Begin XCBuildConfiguration section */
		4742EB4A1988123800F678BE /* Debug */ = {
			isa = XCBuildConfiguration;
			buildSettings = {
				ALWAYS_SEARCH_USER_PATHS = NO;
				CLANG_CXX_LANGUAGE_STANDARD = "gnu++0x";
				CLANG_CXX_LIBRARY = "libc++";
				CLANG_ENABLE_MODULES = YES;
				CLANG_ENABLE_OBJC_ARC = YES;
				CLANG_WARN_BOOL_CONVERSION = YES;
				CLANG_WARN_CONSTANT_CONVERSION = YES;
				CLANG_WARN_DIRECT_OBJC_ISA_USAGE = YES_ERROR;
				CLANG_WARN_EMPTY_BODY = YES;
				CLANG_WARN_ENUM_CONVERSION = YES;
				CLANG_WARN_INT_CONVERSION = YES;
				CLANG_WARN_OBJC_ROOT_CLASS = YES_ERROR;
				CLANG_WARN__DUPLICATE_METHOD_MATCH = YES;
				"CODE_SIGN_IDENTITY[sdk=iphoneos*]" = "iPhone Developer";
				COPY_PHASE_STRIP = NO;
				GCC_C_LANGUAGE_STANDARD = gnu99;
				GCC_DYNAMIC_NO_PIC = NO;
				GCC_OPTIMIZATION_LEVEL = 0;
				GCC_PREPROCESSOR_DEFINITIONS = (
					"DEBUG=1",
					"$(inherited)",
				);
				GCC_SYMBOLS_PRIVATE_EXTERN = NO;
				GCC_WARN_64_TO_32_BIT_CONVERSION = YES;
				GCC_WARN_ABOUT_RETURN_TYPE = YES_ERROR;
				GCC_WARN_UNDECLARED_SELECTOR = YES;
				GCC_WARN_UNINITIALIZED_AUTOS = YES_AGGRESSIVE;
				GCC_WARN_UNUSED_FUNCTION = YES;
				GCC_WARN_UNUSED_VARIABLE = YES;
				IPHONEOS_DEPLOYMENT_TARGET = 7.1;
				ONLY_ACTIVE_ARCH = YES;
				SDKROOT = iphoneos;
				TARGETED_DEVICE_FAMILY = "1,2";
			};
			name = Debug;
		};
		4742EB4B1988123800F678BE /* Release */ = {
			isa = XCBuildConfiguration;
			buildSettings = {
				ALWAYS_SEARCH_USER_PATHS = NO;
				CLANG_CXX_LANGUAGE_STANDARD = "gnu++0x";
				CLANG_CXX_LIBRARY = "libc++";
				CLANG_ENABLE_MODULES = YES;
				CLANG_ENABLE_OBJC_ARC = YES;
				CLANG_WARN_BOOL_CONVERSION = YES;
				CLANG_WARN_CONSTANT_CONVERSION = YES;
				CLANG_WARN_DIRECT_OBJC_ISA_USAGE = YES_ERROR;
				CLANG_WARN_EMPTY_BODY = YES;
				CLANG_WARN_ENUM_CONVERSION = YES;
				CLANG_WARN_INT_CONVERSION = YES;
				CLANG_WARN_OBJC_ROOT_CLASS = YES_ERROR;
				CLANG_WARN__DUPLICATE_METHOD_MATCH = YES;
				"CODE_SIGN_IDENTITY[sdk=iphoneos*]" = "iPhone Developer";
				COPY_PHASE_STRIP = YES;
				ENABLE_NS_ASSERTIONS = NO;
				GCC_C_LANGUAGE_STANDARD = gnu99;
				GCC_WARN_64_TO_32_BIT_CONVERSION = YES;
				GCC_WARN_ABOUT_RETURN_TYPE = YES_ERROR;
				GCC_WARN_UNDECLARED_SELECTOR = YES;
				GCC_WARN_UNINITIALIZED_AUTOS = YES_AGGRESSIVE;
				GCC_WARN_UNUSED_FUNCTION = YES;
				GCC_WARN_UNUSED_VARIABLE = YES;
				IPHONEOS_DEPLOYMENT_TARGET = 7.1;
				SDKROOT = iphoneos;
				TARGETED_DEVICE_FAMILY = "1,2";
				VALIDATE_PRODUCT = YES;
			};
			name = Release;
		};
		4742EB4D1988123800F678BE /* Debug */ = {
			isa = XCBuildConfiguration;
			buildSettings = {
				ASSETCATALOG_COMPILER_APPICON_NAME = AppIcon;
				ASSETCATALOG_COMPILER_LAUNCHIMAGE_NAME = LaunchImage;
				GCC_PRECOMPILE_PREFIX_HEADER = YES;
				GCC_PREFIX_HEADER = "MapLocator/MapLocator-Prefix.pch";
				INFOPLIST_FILE = "MapLocator/MapLocator-Info.plist";
				PRODUCT_NAME = "$(TARGET_NAME)";
				WRAPPER_EXTENSION = app;
			};
			name = Debug;
		};
		4742EB4E1988123800F678BE /* Release */ = {
			isa = XCBuildConfiguration;
			buildSettings = {
				ASSETCATALOG_COMPILER_APPICON_NAME = AppIcon;
				ASSETCATALOG_COMPILER_LAUNCHIMAGE_NAME = LaunchImage;
				GCC_PRECOMPILE_PREFIX_HEADER = YES;
				GCC_PREFIX_HEADER = "MapLocator/MapLocator-Prefix.pch";
				INFOPLIST_FILE = "MapLocator/MapLocator-Info.plist";
				PRODUCT_NAME = "$(TARGET_NAME)";
				WRAPPER_EXTENSION = app;
			};
			name = Release;
		};
		4742EB501988123800F678BE /* Debug */ = {
			isa = XCBuildConfiguration;
			buildSettings = {
				BUNDLE_LOADER = "$(BUILT_PRODUCTS_DIR)/MapLocator.app/MapLocator";
				FRAMEWORK_SEARCH_PATHS = (
					"$(SDKROOT)/Developer/Library/Frameworks",
					"$(inherited)",
					"$(DEVELOPER_FRAMEWORKS_DIR)",
				);
				GCC_PRECOMPILE_PREFIX_HEADER = YES;
				GCC_PREFIX_HEADER = "MapLocator/MapLocator-Prefix.pch";
				GCC_PREPROCESSOR_DEFINITIONS = (
					"DEBUG=1",
					"$(inherited)",
				);
				INFOPLIST_FILE = "MapLocatorTests/MapLocatorTests-Info.plist";
				PRODUCT_NAME = "$(TARGET_NAME)";
				TEST_HOST = "$(BUNDLE_LOADER)";
				WRAPPER_EXTENSION = xctest;
			};
			name = Debug;
		};
		4742EB511988123800F678BE /* Release */ = {
			isa = XCBuildConfiguration;
			buildSettings = {
				BUNDLE_LOADER = "$(BUILT_PRODUCTS_DIR)/MapLocator.app/MapLocator";
				FRAMEWORK_SEARCH_PATHS = (
					"$(SDKROOT)/Developer/Library/Frameworks",
					"$(inherited)",
					"$(DEVELOPER_FRAMEWORKS_DIR)",
				);
				GCC_PRECOMPILE_PREFIX_HEADER = YES;
				GCC_PREFIX_HEADER = "MapLocator/MapLocator-Prefix.pch";
				INFOPLIST_FILE = "MapLocatorTests/MapLocatorTests-Info.plist";
				PRODUCT_NAME = "$(TARGET_NAME)";
				TEST_HOST = "$(BUNDLE_LOADER)";
				WRAPPER_EXTENSION = xctest;
			};
			name = Release;
		};
/* End XCBuildConfiguration section */

/* Begin XCConfigurationList section */
		4742EB0F1988123800F678BE /* Build configuration list for PBXProject "MapLocator" */ = {
			isa = XCConfigurationList;
			buildConfigurations = (
				4742EB4A1988123800F678BE /* Debug */,
				4742EB4B1988123800F678BE /* Release */,
			);
			defaultConfigurationIsVisible = 0;
			defaultConfigurationName = Release;
		};
		4742EB4C1988123800F678BE /* Build configuration list for PBXNativeTarget "MapLocator" */ = {
			isa = XCConfigurationList;
			buildConfigurations = (
				4742EB4D1988123800F678BE /* Debug */,
				4742EB4E1988123800F678BE /* Release */,
			);
			defaultConfigurationIsVisible = 0;
		};
		4742EB4F1988123800F678BE /* Build configuration list for PBXNativeTarget "MapLocatorTests" */ = {
			isa = XCConfigurationList;
			buildConfigurations = (
				4742EB501988123800F678BE /* Debug */,
				4742EB511988123800F678BE /* Release */,
			);
			defaultConfigurationIsVisible = 0;
		};
/* End XCConfigurationList section */
	};
	rootObject = 4742EB0C1988123800F678BE /* Project object */;
}
